{
  "name": "npm-b",
  "lockfileVersion": 3,
  "packages": {
    "": {"dependencies": {"left-pad": "1.3.0", "is-number": "7.0.0"}, "devDependencies": {"kleur": "4.1.4"}},
    "node_modules/left-pad": {"version": "1.3.0"},
    "node_modules/is-number": {"version": "7.0.0"},
    "node_modules/kleur": {"version": "4.1.4"}
  }
}
