{"name":"nested-fixture","lockfileVersion":3,"packages":{"":{"dependencies":{"outer":"1.0.0","@nested/node_modules-inner":"3.0.0","@scope/with-node_modules-token":"2.0.0"}},"node_modules/outer":{"version":"1.0.0"},"node_modules/outer/node_modules/@nested/node_modules-inner":{"version":"3.0.0"},"node_modules/@scope/with-node_modules-token":{"version":"2.0.0"},"node_modules/ordinary":{"version":"4.0.0"}}}
